
Microsoft Visual Studio Solution File, Format Version 12.00
# Visual Studio Version 17
VisualStudioVersion = 17.14.36119.2 d17.14
MinimumVisualStudioVersion = 10.0.40219.1
Project("{FAE04EC0-301F-11D3-BF4B-00C04F79EFBC}") = "BTS implementation", "BTS implementation.csproj", "{84FE2E6A-17FB-4A43-8CE0-85DFB134D0B2}"
EndProject
Global
	GlobalSection(SolutionConfigurationPlatforms) = preSolution
		Debug|Any CPU = Debug|Any CPU
		Release|Any CPU = Release|Any CPU
	EndGlobalSection
	GlobalSection(ProjectConfigurationPlatforms) = postSolution
		{84FE2E6A-17FB-4A43-8CE0-85DFB134D0B2}.Debug|Any CPU.ActiveCfg = Debug|Any CPU
		{84FE2E6A-17FB-4A43-8CE0-85DFB134D0B2}.Debug|Any CPU.Build.0 = Debug|Any CPU
		{84FE2E6A-17FB-4A43-8CE0-85DFB134D0B2}.Release|Any CPU.ActiveCfg = Release|Any CPU
		{84FE2E6A-17FB-4A43-8CE0-85DFB134D0B2}.Release|Any CPU.Build.0 = Release|Any CPU
	EndGlobalSection
	GlobalSection(SolutionProperties) = preSolution
		HideSolutionNode = FALSE
	EndGlobalSection
	GlobalSection(ExtensibilityGlobals) = postSolution
		SolutionGuid = {27D641B4-E2C5-4136-85AC-644AB5C84F0D}
	EndGlobalSection
EndGlobal
